
Microsoft Visual Studio Solution File, Format Version 12.00
# Visual Studio 15
VisualStudioVersion = 15.0.28307.136
MinimumVisualStudioVersion = 10.0.40219.1
Project("{FAE04EC0-301F-11D3-BF4B-00C04F79EFBC}") = "WindowsFormsApp1", "WindowsFormsApp1\WindowsFormsApp1.csproj", "{58F1AC9E-21AC-45DB-A628-65B91E8B9823}"
EndProject
Global
	GlobalSection(SolutionConfigurationPlatforms) = preSolution
		Debug|Any CPU = Debug|Any CPU
		Release|Any CPU = Release|Any CPU
	EndGlobalSection
	GlobalSection(ProjectConfigurationPlatforms) = postSolution
		{58F1AC9E-21AC-45DB-A628-65B91E8B9823}.Debug|Any CPU.ActiveCfg = Debug|Any CPU
		{58F1AC9E-21AC-45DB-A628-65B91E8B9823}.Debug|Any CPU.Build.0 = Debug|Any CPU
		{58F1AC9E-21AC-45DB-A628-65B91E8B9823}.Release|Any CPU.ActiveCfg = Release|Any CPU
		{58F1AC9E-21AC-45DB-A628-65B91E8B9823}.Release|Any CPU.Build.0 = Release|Any CPU
	EndGlobalSection
	GlobalSection(SolutionProperties) = preSolution
		HideSolutionNode = FALSE
	EndGlobalSection
	GlobalSection(ExtensibilityGlobals) = postSolution
		SolutionGuid = {D2F6F98C-FE45-4CC9-AE0D-C2997134ED6C}
	EndGlobalSection
EndGlobal
